
Microsoft Visual Studio Solution File, Format Version 12.00
# Visual Studio Version 16
VisualStudioVersion = 16.0.29728.190
MinimumVisualStudioVersion = 10.0.40219.1
Project("{9A19103F-16F7-4668-BE54-9A1E7A4F7556}") = "Polynomial", "Polynomial\Polynomial.csproj", "{A9FE1B88-A6D5-408D-96B7-B6E57FA76418}"
EndProject
Project("{FAE04EC0-301F-11D3-BF4B-00C04F79EFBC}") = "Polynomial.Tests", "Polynomial.Tests/Polynomial.Tests.csproj", "{95628A01-3546-4EF4-8D11-9ED300ABB945}"
EndProject
Global
	GlobalSection(SolutionConfigurationPlatforms) = preSolution
		Debug|Any CPU = Debug|Any CPU
		Release|Any CPU = Release|Any CPU
	EndGlobalSection
	GlobalSection(ProjectConfigurationPlatforms) = postSolution
		{A9FE1B88-A6D5-408D-96B7-B6E57FA76418}.Debug|Any CPU.ActiveCfg = Debug|Any CPU
		{A9FE1B88-A6D5-408D-96B7-B6E57FA76418}.Debug|Any CPU.Build.0 = Debug|Any CPU
		{A9FE1B88-A6D5-408D-96B7-B6E57FA76418}.Release|Any CPU.ActiveCfg = Release|Any CPU
		{A9FE1B88-A6D5-408D-96B7-B6E57FA76418}.Release|Any CPU.Build.0 = Release|Any CPU
		{95628A01-3546-4EF4-8D11-9ED300ABB945}.Debug|Any CPU.ActiveCfg = Debug|Any CPU
		{95628A01-3546-4EF4-8D11-9ED300ABB945}.Debug|Any CPU.Build.0 = Debug|Any CPU
		{95628A01-3546-4EF4-8D11-9ED300ABB945}.Release|Any CPU.ActiveCfg = Release|Any CPU
		{95628A01-3546-4EF4-8D11-9ED300ABB945}.Release|Any CPU.Build.0 = Release|Any CPU
	EndGlobalSection
	GlobalSection(SolutionProperties) = preSolution
		HideSolutionNode = FALSE
	EndGlobalSection
	GlobalSection(ExtensibilityGlobals) = postSolution
		SolutionGuid = {91F30CCF-F288-4286-B9C8-DA1CD8754124}
	EndGlobalSection
EndGlobal
